# This file is automatically @generated by Cargo.
# It is not intended for manual editing.
[[package]]
name = "aoc03"
version = "0.1.0"
dependencies = [
 "itertools",
 "serde_scan",
]

[[package]]
name = "either"
version = "1.6.0"
source = "registry+https://github.com/rust-lang/crates.io-index"
checksum = "cd56b59865bce947ac5958779cfa508f6c3b9497cc762b7e24a12d11ccde2c4f"

[[package]]
name = "itertools"
version = "0.9.0"
source = "registry+https://github.com/rust-lang/crates.io-index"
checksum = "284f18f85651fe11e8a991b2adb42cb078325c996ed026d994719efcfca1d54b"
dependencies = [
 "either",
]

[[package]]
name = "serde"
version = "1.0.115"
source = "registry+https://github.com/rust-lang/crates.io-index"
checksum = "e54c9a88f2da7238af84b5101443f0c0d0a3bbdc455e34a5c9497b1903ed55d5"

[[package]]
name = "serde_scan"
version = "0.3.2"
source = "registry+https://github.com/rust-lang/crates.io-index"
checksum = "4d6cf8a36e01b0f2c53464875389056c7a269c234e781836dba3ad34ac99a6c4"
dependencies = [
 "serde",
]
